
Microsoft Visual Studio Solution File, Format Version 12.00
# Visual Studio Version 17
VisualStudioVersion = 17.0.31903.59
MinimumVisualStudioVersion = 10.0.40219.1
Project("{FAE04EC0-301F-11D3-BF4B-00C04F79EFBC}") = "Domain", "Domain\Domain.csproj", "{C5B453C2-DB22-4CAB-98F2-B2DCBB238F1E}"
EndProject
Project("{FAE04EC0-301F-11D3-BF4B-00C04F79EFBC}") = "Application", "Application\Application.csproj", "{0FFDD8AD-BDA7-4201-A44A-E4CB9B6DAD15}"
EndProject
Project("{FAE04EC0-301F-11D3-BF4B-00C04F79EFBC}") = "Infrastructure", "Infrastructure\Infrastructure.csproj", "{C9D9AFA8-10D4-432F-ACA2-3374A4AB9445}"
EndProject
Project("{FAE04EC0-301F-11D3-BF4B-00C04F79EFBC}") = "WebApi", "WebApi\WebApi.csproj", "{97C80EF4-12F8-419E-B1E1-9660C43DE044}"
EndProject
Global
	GlobalSection(SolutionConfigurationPlatforms) = preSolution
		Debug|Any CPU = Debug|Any CPU
		Release|Any CPU = Release|Any CPU
	EndGlobalSection
	GlobalSection(SolutionProperties) = preSolution
		HideSolutionNode = FALSE
	EndGlobalSection
	GlobalSection(ProjectConfigurationPlatforms) = postSolution
		{C5B453C2-DB22-4CAB-98F2-B2DCBB238F1E}.Debug|Any CPU.ActiveCfg = Debug|Any CPU
		{C5B453C2-DB22-4CAB-98F2-B2DCBB238F1E}.Debug|Any CPU.Build.0 = Debug|Any CPU
		{C5B453C2-DB22-4CAB-98F2-B2DCBB238F1E}.Release|Any CPU.ActiveCfg = Release|Any CPU
		{C5B453C2-DB22-4CAB-98F2-B2DCBB238F1E}.Release|Any CPU.Build.0 = Release|Any CPU
		{0FFDD8AD-BDA7-4201-A44A-E4CB9B6DAD15}.Debug|Any CPU.ActiveCfg = Debug|Any CPU
		{0FFDD8AD-BDA7-4201-A44A-E4CB9B6DAD15}.Debug|Any CPU.Build.0 = Debug|Any CPU
		{0FFDD8AD-BDA7-4201-A44A-E4CB9B6DAD15}.Release|Any CPU.ActiveCfg = Release|Any CPU
		{0FFDD8AD-BDA7-4201-A44A-E4CB9B6DAD15}.Release|Any CPU.Build.0 = Release|Any CPU
		{C9D9AFA8-10D4-432F-ACA2-3374A4AB9445}.Debug|Any CPU.ActiveCfg = Debug|Any CPU
		{C9D9AFA8-10D4-432F-ACA2-3374A4AB9445}.Debug|Any CPU.Build.0 = Debug|Any CPU
		{C9D9AFA8-10D4-432F-ACA2-3374A4AB9445}.Release|Any CPU.ActiveCfg = Release|Any CPU
		{C9D9AFA8-10D4-432F-ACA2-3374A4AB9445}.Release|Any CPU.Build.0 = Release|Any CPU
		{97C80EF4-12F8-419E-B1E1-9660C43DE044}.Debug|Any CPU.ActiveCfg = Debug|Any CPU
		{97C80EF4-12F8-419E-B1E1-9660C43DE044}.Debug|Any CPU.Build.0 = Debug|Any CPU
		{97C80EF4-12F8-419E-B1E1-9660C43DE044}.Release|Any CPU.ActiveCfg = Release|Any CPU
		{97C80EF4-12F8-419E-B1E1-9660C43DE044}.Release|Any CPU.Build.0 = Release|Any CPU
	EndGlobalSection
EndGlobal
